{
    "_meta": {
        "hash": {
            "sha256": "586a73e1f2ddbfd3ecfa5f6e07bd7533d03f7bb5a136906326ff3bf880b624fc"
        },
        "pipfile-spec": 6,
        "requires": {
            "python_version": "3.6"
        },
        "sources": [
            {
                "name": "pypi",
                "url": "https://pypi.org/simple",
                "verify_ssl": true
            }
        ]
    },
    "default": {
        "alabaster": {
            "hashes": [
                "sha256:446438bdcca0e05bd45ea2de1668c1d9b032e1a9154c2c259092d77031ddd359",
                "sha256:a661d72d58e6ea8a57f7a86e37d86716863ee5e92788398526d58b26a4e4dc02"
            ],
            "version": "==0.7.12"
        },
        "babel": {
            "hashes": [
                "sha256:af92e6106cb7c55286b25b38ad7695f8b4efb36a90ba483d7f7a6628c46158ab",
                "sha256:e86135ae101e31e2c8ec20a4e0c5220f4eed12487d5cf3f78be7e98d3a57fc28"
            ],
            "version": "==2.7.0"
        },
        "bcrypt": {
            "hashes": [
                "sha256:05d8b762cb8a9bd0ad92ee95ed34b6119200a8760b625dadacfe88537ae691a3",
                "sha256:136243dc44e5bab9b61206bd46fff3018bd80980b1a1dfbab64a22ff5745957f",
                "sha256:1de0df7a9ca76d68ec8122573ae584aab78dcfb728fc2c78ecafb15750b79465",
                "sha256:214c720cfcd394ab9fd1cac59303847b0d45cc8feeb8126ec55619c77d85ec19",
                "sha256:290e07820d408e8c81f79f848279b95cef693d6e6ce148fa6b1e573e89a4305b",
                "sha256:2d60412b11994ab91d25572f780f8461748cecdb6014c23e33b2ea0aabc99782",
                "sha256:62ff976497590c7ef714f426aff8b908f2a11686364bb01cfc7d338e86a2ee27",
                "sha256:77c99c50bd7ac4e9e9f948015c4638176ebe0a495b22b6ae4857f3ba077b12d8",
                "sha256:9af0a7e135e7f5feca9c16ba33064af545b33b7297c1bb65daedb11c0fa653c4",
                "sha256:9b08088fd103eedfd750d832819555d1f96bc8bec749c6d35a3f3de3b9e8c98d",
                "sha256:a185efb05ef8bac9a531474abfefb8323f3ec8d524d308d6720657eaeda068b5",
                "sha256:c7a733c4c309c9ab572644cf7f8779845addcd5ecf474bb5c376f05731842c41",
                "sha256:cc3f53fa3287c0fc2bc1636e9514b896d4777444b03d9e0e4f16762a856bfe8a",
                "sha256:d216ee4e8e64d43d819acaf8aa0db6cb518859072152cf35ada4987bf5c92bff",
                "sha256:db3c7d712c4049eff365f00c9236279602af17c0ba44ca759008641c7fd892b7",
                "sha256:e1bb330c56ddec65ad9ce989e9e8664901ce96badfe47853a5ed03bfeb76f91a",
                "sha256:efcaace6e2915434d84e865c44f0cfe34e802269378afbb39a4aa6381aaec78b",
                "sha256:f4431e01f1a5fdea95c78758e24c9565651499d92024ff34663b1ab12c8a10e5",
                "sha256:fd21155abee7cd4c0ba8fad5138636f2531174ea79ad1751b25dc30d833e1723"
            ],
            "index": "pypi",
            "version": "==3.1.5"
        },
        "certifi": {
            "hashes": [
                "sha256:e4f3620cfea4f83eedc95b24abd9cd56f3c4b146dd0177e83a21b4eb49e21e50",
                "sha256:fd7c7c74727ddcf00e9acd26bba8da604ffec95bf1c2144e67aff7a8b50e6cef"
            ],
            "version": "==2019.9.11"
        },
        "cffi": {
            "hashes": [
                "sha256:00d890313797d9fe4420506613384b43099ad7d2b905c0752dbcc3a6f14d80fa",
                "sha256:0cf9e550ac6c5e57b713437e2f4ac2d7fd0cd10336525a27224f5fc1ec2ee59a",
                "sha256:0ea23c9c0cdd6778146a50d867d6405693ac3b80a68829966c98dd5e1bbae400",
                "sha256:193697c2918ecdb3865acf6557cddf5076bb39f1f654975e087b67efdff83365",
                "sha256:1ae14b542bf3b35e5229439c35653d2ef7d8316c1fffb980f9b7647e544baa98",
                "sha256:1e389e069450609c6ffa37f21f40cce36f9be7643bbe5051ab1de99d5a779526",
                "sha256:263242b6ace7f9cd4ea401428d2d45066b49a700852334fd55311bde36dcda14",
                "sha256:33142ae9807665fa6511cfa9857132b2c3ee6ddffb012b3f0933fc11e1e830d5",
                "sha256:364f8404034ae1b232335d8c7f7b57deac566f148f7222cef78cf8ae28ef764e",
                "sha256:47368f69fe6529f8f49a5d146ddee713fc9057e31d61e8b6dc86a6a5e38cecc1",
                "sha256:4895640844f17bec32943995dc8c96989226974dfeb9dd121cc45d36e0d0c434",
                "sha256:558b3afef987cf4b17abd849e7bedf64ee12b28175d564d05b628a0f9355599b",
                "sha256:5ba86e1d80d458b338bda676fd9f9d68cb4e7a03819632969cf6d46b01a26730",
                "sha256:63424daa6955e6b4c70dc2755897f5be1d719eabe71b2625948b222775ed5c43",
                "sha256:6381a7d8b1ebd0bc27c3bc85bc1bfadbb6e6f756b4d4db0aa1425c3719ba26b4",
                "sha256:6381ab708158c4e1639da1f2a7679a9bbe3e5a776fc6d1fd808076f0e3145331",
                "sha256:6fd58366747debfa5e6163ada468a90788411f10c92597d3b0a912d07e580c36",
                "sha256:728ec653964655d65408949b07f9b2219df78badd601d6c49e28d604efe40599",
                "sha256:7cfcfda59ef1f95b9f729c56fe8a4041899f96b72685d36ef16a3440a0f85da8",
                "sha256:819f8d5197c2684524637f940445c06e003c4a541f9983fd30d6deaa2a5487d8",
                "sha256:825ecffd9574557590e3225560a8a9d751f6ffe4a49e3c40918c9969b93395fa",
                "sha256:9009e917d8f5ef780c2626e29b6bc126f4cb2a4d43ca67aa2b40f2a5d6385e78",
                "sha256:9c77564a51d4d914ed5af096cd9843d90c45b784b511723bd46a8a9d09cf16fc",
                "sha256:a19089fa74ed19c4fe96502a291cfdb89223a9705b1d73b3005df4256976142e",
                "sha256:a40ed527bffa2b7ebe07acc5a3f782da072e262ca994b4f2085100b5a444bbb2",
                "sha256:bb75ba21d5716abc41af16eac1145ab2e471deedde1f22c6f99bd9f995504df0",
                "sha256:e22a00c0c81ffcecaf07c2bfb3672fa372c50e2bd1024ffee0da191c1b27fc71",
                "sha256:e55b5a746fb77f10c83e8af081979351722f6ea48facea79d470b3731c7b2891",
                "sha256:ec2fa3ee81707a5232bf2dfbd6623fdb278e070d596effc7e2d788f2ada71a05",
                "sha256:fd82eb4694be712fcae03c717ca2e0fc720657ac226b80bbb597e971fc6928c2"
            ],
            "version": "==1.13.1"
        },
        "chardet": {
            "hashes": [
                "sha256:84ab92ed1c4d4f16916e05906b6b75a6c0fb5db821cc65e70cbd64a3e2a5eaae",
                "sha256:fc323ffcaeaed0e0a02bf4d117757b98aed530d9ed4531e3e15460124c106691"
            ],
            "version": "==3.0.4"
        },
        "click": {
            "hashes": [
                "sha256:2335065e6395b9e67ca716de5f7526736bfa6ceead690adf616d925bdc622b13",
                "sha256:5b94b49521f6456670fdb30cd82a4eca9412788a93fa6dd6df72c94d5a8ff2d7"
            ],
            "version": "==7.0"
        },
        "docutils": {
            "hashes": [
                "sha256:6c4f696463b79f1fb8ba0c594b63840ebd41f059e92b31957c46b74a4599b6d0",
                "sha256:9e4d7ecfc600058e07ba661411a2b7de2fd0fafa17d1a7f7361cd47b1175c827",
                "sha256:a2aeea129088da402665e92e0b25b04b073c04b2dce4ab65caaa38b7ce2e1a99"
            ],
            "version": "==0.15.2"
        },
        "flask": {
            "hashes": [
                "sha256:2271c0070dbcb5275fad4a82e29f23ab92682dc45f9dfbc22c02ba9b9322ce48",
                "sha256:a080b744b7e345ccfcbc77954861cb05b3c63786e93f2b3875e0913d44b43f05"
            ],
            "index": "pypi",
            "version": "==1.0.2"
        },
        "flask-wtf": {
            "hashes": [
                "sha256:5d14d55cfd35f613d99ee7cba0fc3fbbe63ba02f544d349158c14ca15561cc36",
                "sha256:d9a9e366b32dcbb98ef17228e76be15702cd2600675668bca23f63a7947fd5ac"
            ],
            "index": "pypi",
            "version": "==0.14.2"
        },
        "idna": {
            "hashes": [
                "sha256:c357b3f628cf53ae2c4c05627ecc484553142ca23264e593d327bcde5e9c3407",
                "sha256:ea8b7f6188e6fa117537c3df7da9fc686d485087abf6ac197f9c46432f7e4a3c"
            ],
            "version": "==2.8"
        },
        "imagesize": {
            "hashes": [
                "sha256:3f349de3eb99145973fefb7dbe38554414e5c30abd0c8e4b970a7c9d09f3a1d8",
                "sha256:f3832918bc3c66617f92e35f5d70729187676313caa60c187eb0f28b8fe5e3b5"
            ],
            "version": "==1.1.0"
        },
        "itsdangerous": {
            "hashes": [
                "sha256:321b033d07f2a4136d3ec762eac9f16a10ccd60f53c0c91af90217ace7ba1f19",
                "sha256:b12271b2047cb23eeb98c8b5622e2e5c5e9abd9784a153e9d8ef9cb4dd09d749"
            ],
            "version": "==1.1.0"
        },
        "jinja2": {
            "hashes": [
                "sha256:74320bb91f31270f9551d46522e33af46a80c3d619f4a4bf42b3164d30b5911f",
                "sha256:9fe95f19286cfefaa917656583d020be14e7859c6b0252588391e47db34527de"
            ],
            "version": "==2.10.3"
        },
        "markupsafe": {
            "hashes": [
                "sha256:00bc623926325b26bb9605ae9eae8a215691f33cae5df11ca5424f06f2d1f473",
                "sha256:09027a7803a62ca78792ad89403b1b7a73a01c8cb65909cd876f7fcebd79b161",
                "sha256:09c4b7f37d6c648cb13f9230d847adf22f8171b1ccc4d5682398e77f40309235",
                "sha256:1027c282dad077d0bae18be6794e6b6b8c91d58ed8a8d89a89d59693b9131db5",
                "sha256:24982cc2533820871eba85ba648cd53d8623687ff11cbb805be4ff7b4c971aff",
                "sha256:29872e92839765e546828bb7754a68c418d927cd064fd4708fab9fe9c8bb116b",
                "sha256:43a55c2930bbc139570ac2452adf3d70cdbb3cfe5912c71cdce1c2c6bbd9c5d1",
                "sha256:46c99d2de99945ec5cb54f23c8cd5689f6d7177305ebff350a58ce5f8de1669e",
                "sha256:500d4957e52ddc3351cabf489e79c91c17f6e0899158447047588650b5e69183",
                "sha256:535f6fc4d397c1563d08b88e485c3496cf5784e927af890fb3c3aac7f933ec66",
                "sha256:62fe6c95e3ec8a7fad637b7f3d372c15ec1caa01ab47926cfdf7a75b40e0eac1",
                "sha256:6dd73240d2af64df90aa7c4e7481e23825ea70af4b4922f8ede5b9e35f78a3b1",
                "sha256:717ba8fe3ae9cc0006d7c451f0bb265ee07739daf76355d06366154ee68d221e",
                "sha256:79855e1c5b8da654cf486b830bd42c06e8780cea587384cf6545b7d9ac013a0b",
                "sha256:7c1699dfe0cf8ff607dbdcc1e9b9af1755371f92a68f706051cc8c37d447c905",
                "sha256:88e5fcfb52ee7b911e8bb6d6aa2fd21fbecc674eadd44118a9cc3863f938e735",
                "sha256:8defac2f2ccd6805ebf65f5eeb132adcf2ab57aa11fdf4c0dd5169a004710e7d",
                "sha256:98c7086708b163d425c67c7a91bad6e466bb99d797aa64f965e9d25c12111a5e",
                "sha256:9add70b36c5666a2ed02b43b335fe19002ee5235efd4b8a89bfcf9005bebac0d",
                "sha256:9bf40443012702a1d2070043cb6291650a0841ece432556f784f004937f0f32c",
                "sha256:ade5e387d2ad0d7ebf59146cc00c8044acbd863725f887353a10df825fc8ae21",
                "sha256:b00c1de48212e4cc9603895652c5c410df699856a2853135b3967591e4beebc2",
                "sha256:b1282f8c00509d99fef04d8ba936b156d419be841854fe901d8ae224c59f0be5",
                "sha256:b2051432115498d3562c084a49bba65d97cf251f5a331c64a12ee7e04dacc51b",
                "sha256:ba59edeaa2fc6114428f1637ffff42da1e311e29382d81b339c1817d37ec93c6",
                "sha256:c8716a48d94b06bb3b2524c2b77e055fb313aeb4ea620c8dd03a105574ba704f",
                "sha256:cd5df75523866410809ca100dc9681e301e3c27567cf498077e8551b6d20e42f",
                "sha256:e249096428b3ae81b08327a63a485ad0878de3fb939049038579ac0ef61e17e7"
            ],
            "version": "==1.1.1"
        },
        "packaging": {
            "hashes": [
                "sha256:28b924174df7a2fa32c1953825ff29c61e2f5e082343165438812f00d3a7fc47",
                "sha256:d9551545c6d761f3def1677baf08ab2a3ca17c56879e70fecba2fc4dde4ed108"
            ],
            "version": "==19.2"
        },
        "psycopg2-binary": {
            "hashes": [
                "sha256:036bcb198a7cc4ce0fe43344f8c2c9a8155aefa411633f426c8c6ed58a6c0426",
                "sha256:1d770fcc02cdf628aebac7404d56b28a7e9ebec8cfc0e63260bd54d6edfa16d4",
                "sha256:1fdc6f369dcf229de6c873522d54336af598b9470ccd5300e2f58ee506f5ca13",
                "sha256:21f9ddc0ff6e07f7d7b6b484eb9da2c03bc9931dd13e36796b111d631f7135a3",
                "sha256:247873cda726f7956f745a3e03158b00de79c4abea8776dc2f611d5ba368d72d",
                "sha256:3aa31c42f29f1da6f4fd41433ad15052d5ff045f2214002e027a321f79d64e2c",
                "sha256:475f694f87dbc619010b26de7d0fc575a4accf503f2200885cc21f526bffe2ad",
                "sha256:4b5e332a24bf6e2fda1f51ca2a57ae1083352293a08eeea1fa1112dc7dd542d1",
                "sha256:570d521660574aca40be7b4d532dfb6f156aad7b16b5ed62d1534f64f1ef72d8",
                "sha256:59072de7def0690dd13112d2bdb453e20570a97297070f876fbbb7cbc1c26b05",
                "sha256:5f0b658989e918ef187f8a08db0420528126f2c7da182a7b9f8bf7f85144d4e4",
                "sha256:649199c84a966917d86cdc2046e03d536763576c0b2a756059ae0b3a9656bc20",
                "sha256:6645fc9b4705ae8fbf1ef7674f416f89ae1559deec810f6dd15197dfa52893da",
                "sha256:6872dd54d4e398d781efe8fe2e2d7eafe4450d61b5c4898aced7610109a6df75",
                "sha256:6ce34fbc251fc0d691c8d131250ba6f42fd2b28ef28558d528ba8c558cb28804",
                "sha256:73920d167a0a4d1006f5f3b9a3efce6f0e5e883a99599d38206d43f27697df00",
                "sha256:8a671732b87ae423e34b51139628123bc0306c2cb85c226e71b28d3d57d7e42a",
                "sha256:8d517e8fda2efebca27c2018e14c90ed7dc3f04d7098b3da2912e62a1a5585fe",
                "sha256:9475a008eb7279e20d400c76471843c321b46acacc7ee3de0b47233a1e3fa2cf",
                "sha256:96947b8cd7b3148fb0e6549fcb31258a736595d6f2a599f8cd450e9a80a14781",
                "sha256:abf229f24daa93f67ac53e2e17c8798a71a01711eb9fcdd029abba8637164338",
                "sha256:b1ab012f276df584beb74f81acb63905762c25803ece647016613c3d6ad4e432",
                "sha256:b22b33f6f0071fe57cb4e9158f353c88d41e739a3ec0d76f7b704539e7076427",
                "sha256:b3b2d53274858e50ad2ffdd6d97ce1d014e1e530f82ec8b307edd5d4c921badf",
                "sha256:bab26a729befc7b9fab9ded1bba9c51b785188b79f8a2796ba03e7e734269e2e",
                "sha256:daa1a593629aa49f506eddc9d23dc7f89b35693b90e1fbcd4480182d1203ea90",
                "sha256:dd111280ce40e89fd17b19c1269fd1b74a30fce9d44a550840e86edb33924eb8",
                "sha256:e0b86084f1e2e78c451994410de756deba206884d6bed68d5a3d7f39ff5fea1d",
                "sha256:eb86520753560a7e89639500e2a254bb6f683342af598088cb72c73edcad21e6",
                "sha256:ff18c5c40a38d41811c23e2480615425c97ea81fd7e9118b8b899c512d97c737"
            ],
            "index": "pypi",
            "version": "==2.7.6.1"
        },
        "pycparser": {
            "hashes": [
                "sha256:a988718abfad80b6b157acce7bf130a30876d27603738ac39f140993246b25b3"
            ],
            "version": "==2.19"
        },
        "pygments": {
            "hashes": [
                "sha256:71e430bc85c88a430f000ac1d9b331d2407f681d6f6aec95e8bcfbc3df5b0127",
                "sha256:881c4c157e45f30af185c1ffe8d549d48ac9127433f2c380c24b84572ad66297"
            ],
            "version": "==2.4.2"
        },
        "pyparsing": {
            "hashes": [
                "sha256:6f98a7b9397e206d78cc01df10131398f1c8b8510a2f4d97d9abd82e1aacdd80",
                "sha256:d9338df12903bbf5d65a0e4e87c2161968b10d2e489652bb47001d82a9b028b4"
            ],
            "version": "==2.4.2"
        },
        "pytz": {
            "hashes": [
                "sha256:1c557d7d0e871de1f5ccd5833f60fb2550652da6be2693c1e02300743d21500d",
                "sha256:b02c06db6cf09c12dd25137e563b31700d3b80fcc4ad23abb7a315f2789819be"
            ],
            "version": "==2019.3"
        },
        "requests": {
            "hashes": [
                "sha256:11e007a8a2aa0323f5a921e9e6a2d7e4e67d9877e85773fba9ba6419025cbeb4",
                "sha256:9cf5292fcd0f598c671cfc1e0d7d1a7f13bb8085e9a590f48c010551dc6c4b31"
            ],
            "version": "==2.22.0"
        },
        "six": {
            "hashes": [
                "sha256:3350809f0555b11f552448330d0b52d5f24c91a322ea4a15ef22629740f3761c",
                "sha256:d16a0141ec1a18405cd4ce8b4613101da75da0e9a7aec5bdd4fa804d0e0eba73"
            ],
            "version": "==1.12.0"
        },
        "snowballstemmer": {
            "hashes": [
                "sha256:209f257d7533fdb3cb73bdbd24f436239ca3b2fa67d56f6ff88e86be08cc5ef0",
                "sha256:df3bac3df4c2c01363f3dd2cfa78cce2840a79b9f1c2d2de9ce8d31683992f52"
            ],
            "version": "==2.0.0"
        },
        "sphinx": {
            "hashes": [
                "sha256:429e3172466df289f0f742471d7e30ba3ee11f3b5aecd9a840480d03f14bcfe5",
                "sha256:c4cb17ba44acffae3d3209646b6baec1e215cad3065e852c68cc569d4df1b9f8"
            ],
            "index": "pypi",
            "version": "==1.8.3"
        },
        "sphinxcontrib-websupport": {
            "hashes": [
                "sha256:1501befb0fdf1d1c29a800fdbf4ef5dc5369377300ddbdd16d2cd40e54c6eefc",
                "sha256:e02f717baf02d0b6c3dd62cf81232ffca4c9d5c331e03766982e3ff9f1d2bc3f"
            ],
            "version": "==1.1.2"
        },
        "urllib3": {
            "hashes": [
                "sha256:3de946ffbed6e6746608990594d08faac602528ac7015ac28d33cee6a45b7398",
                "sha256:9a107b99a5393caf59c7aa3c1249c16e6879447533d0887f4336dde834c7be86"
            ],
            "version": "==1.25.6"
        },
        "werkzeug": {
            "hashes": [
                "sha256:97660b282aa7e29f94f3fe378e5c7162d7ab9d601a8dbb1cbb2ffc8f0e54607d",
                "sha256:cfd1281b1748288e59762c0e174d64d8bcb2b70e7c57bc4a1203c8825af24ac3"
            ],
            "index": "pypi",
            "version": "==0.15.3"
        },
        "wtforms": {
            "hashes": [
                "sha256:0cdbac3e7f6878086c334aa25dc5a33869a3954e9d1e015130d65a69309b3b61",
                "sha256:e3ee092c827582c50877cdbd49e9ce6d2c5c1f6561f849b3b068c1b8029626f1"
            ],
            "version": "==2.2.1"
        }
    },
    "develop": {
        "alabaster": {
            "hashes": [
                "sha256:446438bdcca0e05bd45ea2de1668c1d9b032e1a9154c2c259092d77031ddd359",
                "sha256:a661d72d58e6ea8a57f7a86e37d86716863ee5e92788398526d58b26a4e4dc02"
            ],
            "version": "==0.7.12"
        },
        "atomicwrites": {
            "hashes": [
                "sha256:03472c30eb2c5d1ba9227e4c2ca66ab8287fbfbbda3888aa93dc2e28fc6811b4",
                "sha256:75a9445bac02d8d058d5e1fe689654ba5a6556a1dfd8ce6ec55a0ed79866cfa6"
            ],
            "version": "==1.3.0"
        },
        "attrs": {
            "hashes": [
                "sha256:08a96c641c3a74e44eb59afb61a24f2cb9f4d7188748e76ba4bb5edfa3cb7d1c",
                "sha256:f7b7ce16570fe9965acd6d30101a28f62fb4a7f9e926b3bbc9b61f8b04247e72"
            ],
            "version": "==19.3.0"
        },
        "babel": {
            "hashes": [
                "sha256:af92e6106cb7c55286b25b38ad7695f8b4efb36a90ba483d7f7a6628c46158ab",
                "sha256:e86135ae101e31e2c8ec20a4e0c5220f4eed12487d5cf3f78be7e98d3a57fc28"
            ],
            "version": "==2.7.0"
        },
        "certifi": {
            "hashes": [
                "sha256:e4f3620cfea4f83eedc95b24abd9cd56f3c4b146dd0177e83a21b4eb49e21e50",
                "sha256:fd7c7c74727ddcf00e9acd26bba8da604ffec95bf1c2144e67aff7a8b50e6cef"
            ],
            "version": "==2019.9.11"
        },
        "chardet": {
            "hashes": [
                "sha256:84ab92ed1c4d4f16916e05906b6b75a6c0fb5db821cc65e70cbd64a3e2a5eaae",
                "sha256:fc323ffcaeaed0e0a02bf4d117757b98aed530d9ed4531e3e15460124c106691"
            ],
            "version": "==3.0.4"
        },
        "docutils": {
            "hashes": [
                "sha256:6c4f696463b79f1fb8ba0c594b63840ebd41f059e92b31957c46b74a4599b6d0",
                "sha256:9e4d7ecfc600058e07ba661411a2b7de2fd0fafa17d1a7f7361cd47b1175c827",
                "sha256:a2aeea129088da402665e92e0b25b04b073c04b2dce4ab65caaa38b7ce2e1a99"
            ],
            "version": "==0.15.2"
        },
        "idna": {
            "hashes": [
                "sha256:c357b3f628cf53ae2c4c05627ecc484553142ca23264e593d327bcde5e9c3407",
                "sha256:ea8b7f6188e6fa117537c3df7da9fc686d485087abf6ac197f9c46432f7e4a3c"
            ],
            "version": "==2.8"
        },
        "imagesize": {
            "hashes": [
                "sha256:3f349de3eb99145973fefb7dbe38554414e5c30abd0c8e4b970a7c9d09f3a1d8",
                "sha256:f3832918bc3c66617f92e35f5d70729187676313caa60c187eb0f28b8fe5e3b5"
            ],
            "version": "==1.1.0"
        },
        "importlib-metadata": {
            "hashes": [
                "sha256:aa18d7378b00b40847790e7c27e11673d7fed219354109d0e7b9e5b25dc3ad26",
                "sha256:d5f18a79777f3aa179c145737780282e27b508fc8fd688cb17c7a813e8bd39af"
            ],
            "markers": "python_version < '3.8'",
            "version": "==0.23"
        },
        "jinja2": {
            "hashes": [
                "sha256:74320bb91f31270f9551d46522e33af46a80c3d619f4a4bf42b3164d30b5911f",
                "sha256:9fe95f19286cfefaa917656583d020be14e7859c6b0252588391e47db34527de"
            ],
            "version": "==2.10.3"
        },
        "markupsafe": {
            "hashes": [
                "sha256:00bc623926325b26bb9605ae9eae8a215691f33cae5df11ca5424f06f2d1f473",
                "sha256:09027a7803a62ca78792ad89403b1b7a73a01c8cb65909cd876f7fcebd79b161",
                "sha256:09c4b7f37d6c648cb13f9230d847adf22f8171b1ccc4d5682398e77f40309235",
                "sha256:1027c282dad077d0bae18be6794e6b6b8c91d58ed8a8d89a89d59693b9131db5",
                "sha256:24982cc2533820871eba85ba648cd53d8623687ff11cbb805be4ff7b4c971aff",
                "sha256:29872e92839765e546828bb7754a68c418d927cd064fd4708fab9fe9c8bb116b",
                "sha256:43a55c2930bbc139570ac2452adf3d70cdbb3cfe5912c71cdce1c2c6bbd9c5d1",
                "sha256:46c99d2de99945ec5cb54f23c8cd5689f6d7177305ebff350a58ce5f8de1669e",
                "sha256:500d4957e52ddc3351cabf489e79c91c17f6e0899158447047588650b5e69183",
                "sha256:535f6fc4d397c1563d08b88e485c3496cf5784e927af890fb3c3aac7f933ec66",
                "sha256:62fe6c95e3ec8a7fad637b7f3d372c15ec1caa01ab47926cfdf7a75b40e0eac1",
                "sha256:6dd73240d2af64df90aa7c4e7481e23825ea70af4b4922f8ede5b9e35f78a3b1",
                "sha256:717ba8fe3ae9cc0006d7c451f0bb265ee07739daf76355d06366154ee68d221e",
                "sha256:79855e1c5b8da654cf486b830bd42c06e8780cea587384cf6545b7d9ac013a0b",
                "sha256:7c1699dfe0cf8ff607dbdcc1e9b9af1755371f92a68f706051cc8c37d447c905",
                "sha256:88e5fcfb52ee7b911e8bb6d6aa2fd21fbecc674eadd44118a9cc3863f938e735",
                "sha256:8defac2f2ccd6805ebf65f5eeb132adcf2ab57aa11fdf4c0dd5169a004710e7d",
                "sha256:98c7086708b163d425c67c7a91bad6e466bb99d797aa64f965e9d25c12111a5e",
                "sha256:9add70b36c5666a2ed02b43b335fe19002ee5235efd4b8a89bfcf9005bebac0d",
                "sha256:9bf40443012702a1d2070043cb6291650a0841ece432556f784f004937f0f32c",
                "sha256:ade5e387d2ad0d7ebf59146cc00c8044acbd863725f887353a10df825fc8ae21",
                "sha256:b00c1de48212e4cc9603895652c5c410df699856a2853135b3967591e4beebc2",
                "sha256:b1282f8c00509d99fef04d8ba936b156d419be841854fe901d8ae224c59f0be5",
                "sha256:b2051432115498d3562c084a49bba65d97cf251f5a331c64a12ee7e04dacc51b",
                "sha256:ba59edeaa2fc6114428f1637ffff42da1e311e29382d81b339c1817d37ec93c6",
                "sha256:c8716a48d94b06bb3b2524c2b77e055fb313aeb4ea620c8dd03a105574ba704f",
                "sha256:cd5df75523866410809ca100dc9681e301e3c27567cf498077e8551b6d20e42f",
                "sha256:e249096428b3ae81b08327a63a485ad0878de3fb939049038579ac0ef61e17e7"
            ],
            "version": "==1.1.1"
        },
        "more-itertools": {
            "hashes": [
                "sha256:409cd48d4db7052af495b09dec721011634af3753ae1ef92d2b32f73a745f832",
                "sha256:92b8c4b06dac4f0611c0729b2f2ede52b2e1bac1ab48f089c7ddc12e26bb60c4"
            ],
            "version": "==7.2.0"
        },
        "packaging": {
            "hashes": [
                "sha256:28b924174df7a2fa32c1953825ff29c61e2f5e082343165438812f00d3a7fc47",
                "sha256:d9551545c6d761f3def1677baf08ab2a3ca17c56879e70fecba2fc4dde4ed108"
            ],
            "version": "==19.2"
        },
        "pluggy": {
            "hashes": [
                "sha256:0db4b7601aae1d35b4a033282da476845aa19185c1e6964b25cf324b5e4ec3e6",
                "sha256:fa5fa1622fa6dd5c030e9cad086fa19ef6a0cf6d7a2d12318e10cb49d6d68f34"
            ],
            "version": "==0.13.0"
        },
        "py": {
            "hashes": [
                "sha256:64f65755aee5b381cea27766a3a147c3f15b9b6b9ac88676de66ba2ae36793fa",
                "sha256:dc639b046a6e2cff5bbe40194ad65936d6ba360b52b3c3fe1d08a82dd50b5e53"
            ],
            "version": "==1.8.0"
        },
        "pygments": {
            "hashes": [
                "sha256:71e430bc85c88a430f000ac1d9b331d2407f681d6f6aec95e8bcfbc3df5b0127",
                "sha256:881c4c157e45f30af185c1ffe8d549d48ac9127433f2c380c24b84572ad66297"
            ],
            "version": "==2.4.2"
        },
        "pyparsing": {
            "hashes": [
                "sha256:6f98a7b9397e206d78cc01df10131398f1c8b8510a2f4d97d9abd82e1aacdd80",
                "sha256:d9338df12903bbf5d65a0e4e87c2161968b10d2e489652bb47001d82a9b028b4"
            ],
            "version": "==2.4.2"
        },
        "pytest": {
            "hashes": [
                "sha256:3e65a22eb0d4f1bdbc1eacccf4a3198bf8d4049dea5112d70a0c61b00e748d02",
                "sha256:5924060b374f62608a078494b909d341720a050b5224ff87e17e12377486a71d"
            ],
            "index": "pypi",
            "version": "==4.1.0"
        },
        "pytz": {
            "hashes": [
                "sha256:1c557d7d0e871de1f5ccd5833f60fb2550652da6be2693c1e02300743d21500d",
                "sha256:b02c06db6cf09c12dd25137e563b31700d3b80fcc4ad23abb7a315f2789819be"
            ],
            "version": "==2019.3"
        },
        "requests": {
            "hashes": [
                "sha256:11e007a8a2aa0323f5a921e9e6a2d7e4e67d9877e85773fba9ba6419025cbeb4",
                "sha256:9cf5292fcd0f598c671cfc1e0d7d1a7f13bb8085e9a590f48c010551dc6c4b31"
            ],
            "version": "==2.22.0"
        },
        "six": {
            "hashes": [
                "sha256:3350809f0555b11f552448330d0b52d5f24c91a322ea4a15ef22629740f3761c",
                "sha256:d16a0141ec1a18405cd4ce8b4613101da75da0e9a7aec5bdd4fa804d0e0eba73"
            ],
            "version": "==1.12.0"
        },
        "snowballstemmer": {
            "hashes": [
                "sha256:209f257d7533fdb3cb73bdbd24f436239ca3b2fa67d56f6ff88e86be08cc5ef0",
                "sha256:df3bac3df4c2c01363f3dd2cfa78cce2840a79b9f1c2d2de9ce8d31683992f52"
            ],
            "version": "==2.0.0"
        },
        "sphinx": {
            "hashes": [
                "sha256:429e3172466df289f0f742471d7e30ba3ee11f3b5aecd9a840480d03f14bcfe5",
                "sha256:c4cb17ba44acffae3d3209646b6baec1e215cad3065e852c68cc569d4df1b9f8"
            ],
            "index": "pypi",
            "version": "==1.8.3"
        },
        "sphinx-rtd-theme": {
            "hashes": [
                "sha256:02f02a676d6baabb758a20c7a479d58648e0f64f13e07d1b388e9bb2afe86a09",
                "sha256:d0f6bc70f98961145c5b0e26a992829363a197321ba571b31b24ea91879e0c96"
            ],
            "index": "pypi",
            "version": "==0.4.2"
        },
        "sphinxcontrib-applehelp": {
            "hashes": [
                "sha256:edaa0ab2b2bc74403149cb0209d6775c96de797dfd5b5e2a71981309efab3897",
                "sha256:fb8dee85af95e5c30c91f10e7eb3c8967308518e0f7488a2828ef7bc191d0d5d"
            ],
            "version": "==1.0.1"
        },
        "sphinxcontrib-devhelp": {
            "hashes": [
                "sha256:6c64b077937330a9128a4da74586e8c2130262f014689b4b89e2d08ee7294a34",
                "sha256:9512ecb00a2b0821a146736b39f7aeb90759834b07e81e8cc23a9c70bacb9981"
            ],
            "version": "==1.0.1"
        },
        "sphinxcontrib-htmlhelp": {
            "hashes": [
                "sha256:4670f99f8951bd78cd4ad2ab962f798f5618b17675c35c5ac3b2132a14ea8422",
                "sha256:d4fd39a65a625c9df86d7fa8a2d9f3cd8299a3a4b15db63b50aac9e161d8eff7"
            ],
            "version": "==1.0.2"
        },
        "sphinxcontrib-jsmath": {
            "hashes": [
                "sha256:2ec2eaebfb78f3f2078e73666b1415417a116cc848b72e5172e596c871103178",
                "sha256:a9925e4a4587247ed2191a22df5f6970656cb8ca2bd6284309578f2153e0c4b8"
            ],
            "version": "==1.0.1"
        },
        "sphinxcontrib-qthelp": {
            "hashes": [
                "sha256:513049b93031beb1f57d4daea74068a4feb77aa5630f856fcff2e50de14e9a20",
                "sha256:79465ce11ae5694ff165becda529a600c754f4bc459778778c7017374d4d406f"
            ],
            "version": "==1.0.2"
        },
        "sphinxcontrib-serializinghtml": {
            "hashes": [
                "sha256:c0efb33f8052c04fd7a26c0a07f1678e8512e0faec19f4aa8f2473a8b81d5227",
                "sha256:db6615af393650bf1151a6cd39120c29abaf93cc60db8c48eb2dddbfdc3a9768"
            ],
            "version": "==1.1.3"
        },
        "urllib3": {
            "hashes": [
                "sha256:3de946ffbed6e6746608990594d08faac602528ac7015ac28d33cee6a45b7398",
                "sha256:9a107b99a5393caf59c7aa3c1249c16e6879447533d0887f4336dde834c7be86"
            ],
            "version": "==1.25.6"
        },
        "zipp": {
            "hashes": [
                "sha256:3718b1cbcd963c7d4c5511a8240812904164b7f381b647143a89d3b98f9bcd8e",
                "sha256:f06903e9f1f43b12d371004b4ac7b06ab39a44adc747266928ae6debfa7b3335"
            ],
            "version": "==0.6.0"
        }
    }
}
